
Microsoft Visual Studio Solution File, Format Version 12.00
# Visual Studio Version 17
VisualStudioVersion = 17.5.002.0
MinimumVisualStudioVersion = 10.0.40219.1
Project("{9A19103F-16F7-4668-BE54-9A1E7A4F7556}") = "Задача 54", "Задача 54\Задача 54.csproj", "{CDBF3226-94A4-466E-AC68-77EB88CC7545}"
EndProject
Global
	GlobalSection(SolutionConfigurationPlatforms) = preSolution
		Debug|Any CPU = Debug|Any CPU
		Release|Any CPU = Release|Any CPU
	EndGlobalSection
	GlobalSection(ProjectConfigurationPlatforms) = postSolution
		{CDBF3226-94A4-466E-AC68-77EB88CC7545}.Debug|Any CPU.ActiveCfg = Debug|Any CPU
		{CDBF3226-94A4-466E-AC68-77EB88CC7545}.Debug|Any CPU.Build.0 = Debug|Any CPU
		{CDBF3226-94A4-466E-AC68-77EB88CC7545}.Release|Any CPU.ActiveCfg = Release|Any CPU
		{CDBF3226-94A4-466E-AC68-77EB88CC7545}.Release|Any CPU.Build.0 = Release|Any CPU
	EndGlobalSection
	GlobalSection(SolutionProperties) = preSolution
		HideSolutionNode = FALSE
	EndGlobalSection
	GlobalSection(ExtensibilityGlobals) = postSolution
		SolutionGuid = {B73CFC66-22A0-4A63-AB5A-BAE4E58C7D1E}
	EndGlobalSection
EndGlobal
